PODS:
  - Alamofire (5.6.4)
  - AniListKtModule (1.0)
  - CoreLib (0.1.0):
    - Moya
    - ProgressHUD
  - LandingFeature (0.1.0):
    - CoreLib
  - LoginFeature (0.1.0):
    - LoginService
  - LoginService (0.1.0):
    - AniListKtModule
    - CoreLib
  - Moya (15.0.0):
    - Moya/Core (= 15.0.0)
  - Moya/Core (15.0.0):
    - Alamofire (~> 5.0)
  - ProgressHUD (13.6.2)

DEPENDENCIES:
  - AniListKtModule (from `KtLibraries/AniListKt/AniListKtModule`)
  - CoreLib (from `Development Pods/CoreLib`)
  - LandingFeature (from `Development Pods/LandingFeature`)
  - LoginFeature (from `Development Pods/LoginFeature`)
  - LoginService (from `Development Pods/LoginService`)

SPEC REPOS:
  trunk:
    - Alamofire
    - Moya
    - ProgressHUD

EXTERNAL SOURCES:
  AniListKtModule:
    :path: KtLibraries/AniListKt/AniListKtModule
  CoreLib:
    :path: Development Pods/CoreLib
  LandingFeature:
    :path: Development Pods/LandingFeature
  LoginFeature:
    :path: Development Pods/LoginFeature
  LoginService:
    :path: Development Pods/LoginService

SPEC CHECKSUMS:
  Alamofire: 4e95d97098eacb88856099c4fc79b526a299e48c
  AniListKtModule: 1f8da1ceafbf457898f02a062f7556923a0c69cc
  CoreLib: dd69187b33b0837293c7b2a4c691780314d9a5d9
  LandingFeature: 1a31af39bf65fac7148bcc26da4cff1a3c52cdf5
  LoginFeature: e1c5b5407c27479b3ccd8af2fc27498c927b1415
  LoginService: 6ae797e78e87f5d91c5a4bf754aae565b56f4315
  Moya: 138f0573e53411fb3dc17016add0b748dfbd78ee
  ProgressHUD: 355915c8f033e626788fa9b0d99d06e8691595ab

PODFILE CHECKSUM: 858532920e5990cf9fdbe3d9c0a5b6ecbffa28bd

COCOAPODS: 1.11.3
