// !$*UTF8*$!
{
	archiveVersion = 1;
	classes = {
	};
	objectVersion = 55;
	objects = {

/* Begin PBXBuildFile section */
		4394654F29F33BFE00A3432D /* LoginCoordinator.swift in Sources */ = {isa = PBXBuildFile; fileRef = 4394654E29F33BFE00A3432D /* LoginCoordinator.swift */; };
		43A9EEA129EFFF9300C5733F /* AppDelegate.swift in Sources */ = {isa = PBXBuildFile; fileRef = 43A9EEA029EFFF9300C5733F /* AppDelegate.swift */; };
		43A9EEA329EFFF9300C5733F /* SceneDelegate.swift in Sources */ = {isa = PBXBuildFile; fileRef = 43A9EEA229EFFF9300C5733F /* SceneDelegate.swift */; };
		43A9EEA529EFFF9300C5733F /* ViewController.swift in Sources */ = {isa = PBXBuildFile; fileRef = 43A9EEA429EFFF9300C5733F /* ViewController.swift */; };
		43A9EEAA29EFFF9400C5733F /* Assets.xcassets in Resources */ = {isa = PBXBuildFile; fileRef = 43A9EEA929EFFF9400C5733F /* Assets.xcassets */; };
		43A9EEAD29EFFF9400C5733F /* LaunchScreen.storyboard in Resources */ = {isa = PBXBuildFile; fileRef = 43A9EEAB29EFFF9400C5733F /* LaunchScreen.storyboard */; };
		43A9EEB829EFFF9500C5733F /* Anime_TrackerTests.swift in Sources */ = {isa = PBXBuildFile; fileRef = 43A9EEB729EFFF9500C5733F /* Anime_TrackerTests.swift */; };
		43A9EEC229EFFF9500C5733F /* Anime_TrackerUITests.swift in Sources */ = {isa = PBXBuildFile; fileRef = 43A9EEC129EFFF9500C5733F /* Anime_TrackerUITests.swift */; };
		43A9EEC429EFFF9500C5733F /* Anime_TrackerUITestsLaunchTests.swift in Sources */ = {isa = PBXBuildFile; fileRef = 43A9EEC329EFFF9500C5733F /* Anime_TrackerUITestsLaunchTests.swift */; };
		43FE307529F008D20026A5ED /* AppCoordinator.swift in Sources */ = {isa = PBXBuildFile; fileRef = 43FE307429F008D20026A5ED /* AppCoordinator.swift */; };
		684B95B30426D912C0C01E5D /* Pods_Anime_TrackerTests.framework in Frameworks */ = {isa = PBXBuildFile; fileRef = F68FF131B5D32E073FD81D3B /* Pods_Anime_TrackerTests.framework */; };
		6ED429F7BAAB0061DE106AD3 /* Pods_Anime_Tracker_Anime_TrackerUITests.framework in Frameworks */ = {isa = PBXBuildFile; fileRef = 3A3B0DBC8C8475665714A4C5 /* Pods_Anime_Tracker_Anime_TrackerUITests.framework */; };
		ED38A7C4C5E0F4EF764BA77F /* Pods_Anime_Tracker.framework in Frameworks */ = {isa = PBXBuildFile; fileRef = BBDE20038B10BF5D6A249AA3 /* Pods_Anime_Tracker.framework */; };
/* End PBXBuildFile section */

/* Begin PBXContainerItemProxy section */
		43A9EEB429EFFF9500C5733F /* PBXContainerItemProxy */ = {
			isa = PBXContainerItemProxy;
			containerPortal = 43A9EE9529EFFF9300C5733F /* Project object */;
			proxyType = 1;
			remoteGlobalIDString = 43A9EE9C29EFFF9300C5733F;
			remoteInfo = "Anime Tracker";
		};
		43A9EEBE29EFFF9500C5733F /* PBXContainerItemProxy */ = {
			isa = PBXContainerItemProxy;
			containerPortal = 43A9EE9529EFFF9300C5733F /* Project object */;
			proxyType = 1;
			remoteGlobalIDString = 43A9EE9C29EFFF9300C5733F;
			remoteInfo = "Anime Tracker";
		};
/* End PBXContainerItemProxy section */

/* Begin PBXFileReference section */
		076381D522C97E5996B5A3D5 /* Pods-Anime TrackerTests.release.xcconfig */ = {isa = PBXFileReference; includeInIndex = 1; lastKnownFileType = text.xcconfig; name = "Pods-Anime TrackerTests.release.xcconfig"; path = "Target Support Files/Pods-Anime TrackerTests/Pods-Anime TrackerTests.release.xcconfig"; sourceTree = "<group>"; };
		1A071DE83881D8112819BB03 /* Pods-Anime Tracker-Anime TrackerUITests.release.xcconfig */ = {isa = PBXFileReference; includeInIndex = 1; lastKnownFileType = text.xcconfig; name = "Pods-Anime Tracker-Anime TrackerUITests.release.xcconfig"; path = "Target Support Files/Pods-Anime Tracker-Anime TrackerUITests/Pods-Anime Tracker-Anime TrackerUITests.release.xcconfig"; sourceTree = "<group>"; };
		3A3B0DBC8C8475665714A4C5 /* Pods_Anime_Tracker_Anime_TrackerUITests.framework */ = {isa = PBXFileReference; explicitFileType = wrapper.framework; includeInIndex = 0; path = Pods_Anime_Tracker_Anime_TrackerUITests.framework; sourceTree = BUILT_PRODUCTS_DIR; };
		4394654E29F33BFE00A3432D /* LoginCoordinator.swift */ = {isa = PBXFileReference; lastKnownFileType = sourcecode.swift; path = LoginCoordinator.swift; sourceTree = "<group>"; };
		43A9EE9D29EFFF9300C5733F /* Anime Tracker.app */ = {isa = PBXFileReference; explicitFileType = wrapper.application; includeInIndex = 0; path = "Anime Tracker.app"; sourceTree = BUILT_PRODUCTS_DIR; };
		43A9EEA029EFFF9300C5733F /* AppDelegate.swift */ = {isa = PBXFileReference; lastKnownFileType = sourcecode.swift; path = AppDelegate.swift; sourceTree = "<group>"; };
		43A9EEA229EFFF9300C5733F /* SceneDelegate.swift */ = {isa = PBXFileReference; lastKnownFileType = sourcecode.swift; path = SceneDelegate.swift; sourceTree = "<group>"; };
		43A9EEA429EFFF9300C5733F /* ViewController.swift */ = {isa = PBXFileReference; lastKnownFileType = sourcecode.swift; path = ViewController.swift; sourceTree = "<group>"; };
		43A9EEA929EFFF9400C5733F /* Assets.xcassets */ = {isa = PBXFileReference; lastKnownFileType = folder.assetcatalog; path = Assets.xcassets; sourceTree = "<group>"; };
		43A9EEAC29EFFF9400C5733F /* Base */ = {isa = PBXFileReference; lastKnownFileType = file.storyboard; name = Base; path = Base.lproj/LaunchScreen.storyboard; sourceTree = "<group>"; };
		43A9EEAE29EFFF9400C5733F /* Info.plist */ = {isa = PBXFileReference; lastKnownFileType = text.plist.xml; path = Info.plist; sourceTree = "<group>"; };
		43A9EEB329EFFF9500C5733F /* Anime TrackerTests.xctest */ = {isa = PBXFileReference; explicitFileType = wrapper.cfbundle; includeInIndex = 0; path = "Anime TrackerTests.xctest"; sourceTree = BUILT_PRODUCTS_DIR; };
		43A9EEB729EFFF9500C5733F /* Anime_TrackerTests.swift */ = {isa = PBXFileReference; lastKnownFileType = sourcecode.swift; path = Anime_TrackerTests.swift; sourceTree = "<group>"; };
		43A9EEBD29EFFF9500C5733F /* Anime TrackerUITests.xctest */ = {isa = PBXFileReference; explicitFileType = wrapper.cfbundle; includeInIndex = 0; path = "Anime TrackerUITests.xctest"; sourceTree = BUILT_PRODUCTS_DIR; };
		43A9EEC129EFFF9500C5733F /* Anime_TrackerUITests.swift */ = {isa = PBXFileReference; lastKnownFileType = sourcecode.swift; path = Anime_TrackerUITests.swift; sourceTree = "<group>"; };
		43A9EEC329EFFF9500C5733F /* Anime_TrackerUITestsLaunchTests.swift */ = {isa = PBXFileReference; lastKnownFileType = sourcecode.swift; path = Anime_TrackerUITestsLaunchTests.swift; sourceTree = "<group>"; };
		43FE307429F008D20026A5ED /* AppCoordinator.swift */ = {isa = PBXFileReference; lastKnownFileType = sourcecode.swift; path = AppCoordinator.swift; sourceTree = "<group>"; };
		47B9D039160F28F7C54B7327 /* Pods-Anime Tracker-Anime TrackerUITests.debug.xcconfig */ = {isa = PBXFileReference; includeInIndex = 1; lastKnownFileType = text.xcconfig; name = "Pods-Anime Tracker-Anime TrackerUITests.debug.xcconfig"; path = "Target Support Files/Pods-Anime Tracker-Anime TrackerUITests/Pods-Anime Tracker-Anime TrackerUITests.debug.xcconfig"; sourceTree = "<group>"; };
		7C3B4F6E7314C38C9A522C07 /* Pods-Anime Tracker.debug.xcconfig */ = {isa = PBXFileReference; includeInIndex = 1; lastKnownFileType = text.xcconfig; name = "Pods-Anime Tracker.debug.xcconfig"; path = "Target Support Files/Pods-Anime Tracker/Pods-Anime Tracker.debug.xcconfig"; sourceTree = "<group>"; };
		BBDE20038B10BF5D6A249AA3 /* Pods_Anime_Tracker.framework */ = {isa = PBXFileReference; explicitFileType = wrapper.framework; includeInIndex = 0; path = Pods_Anime_Tracker.framework; sourceTree = BUILT_PRODUCTS_DIR; };
		C30A639005AB384434828E7D /* Pods-Anime Tracker.release.xcconfig */ = {isa = PBXFileReference; includeInIndex = 1; lastKnownFileType = text.xcconfig; name = "Pods-Anime Tracker.release.xcconfig"; path = "Target Support Files/Pods-Anime Tracker/Pods-Anime Tracker.release.xcconfig"; sourceTree = "<group>"; };
		F68FF131B5D32E073FD81D3B /* Pods_Anime_TrackerTests.framework */ = {isa = PBXFileReference; explicitFileType = wrapper.framework; includeInIndex = 0; path = Pods_Anime_TrackerTests.framework; sourceTree = BUILT_PRODUCTS_DIR; };
		FE3BBEA825D6C7FA190D7281 /* Pods-Anime TrackerTests.debug.xcconfig */ = {isa = PBXFileReference; includeInIndex = 1; lastKnownFileType = text.xcconfig; name = "Pods-Anime TrackerTests.debug.xcconfig"; path = "Target Support Files/Pods-Anime TrackerTests/Pods-Anime TrackerTests.debug.xcconfig"; sourceTree = "<group>"; };
/* End PBXFileReference section */

/* Begin PBXFrameworksBuildPhase section */
		43A9EE9A29EFFF9300C5733F /* Frameworks */ = {
			isa = PBXFrameworksBuildPhase;
			buildActionMask = 2147483647;
			files = (
				ED38A7C4C5E0F4EF764BA77F /* Pods_Anime_Tracker.framework in Frameworks */,
			);
			runOnlyForDeploymentPostprocessing = 0;
		};
		43A9EEB029EFFF9500C5733F /* Frameworks */ = {
			isa = PBXFrameworksBuildPhase;
			buildActionMask = 2147483647;
			files = (
				684B95B30426D912C0C01E5D /* Pods_Anime_TrackerTests.framework in Frameworks */,
			);
			runOnlyForDeploymentPostprocessing = 0;
		};
		43A9EEBA29EFFF9500C5733F /* Frameworks */ = {
			isa = PBXFrameworksBuildPhase;
			buildActionMask = 2147483647;
			files = (
				6ED429F7BAAB0061DE106AD3 /* Pods_Anime_Tracker_Anime_TrackerUITests.framework in Frameworks */,
			);
			runOnlyForDeploymentPostprocessing = 0;
		};
/* End PBXFrameworksBuildPhase section */

/* Begin PBXGroup section */
		4394654D29F33BEF00A3432D /* Coordinators */ = {
			isa = PBXGroup;
			children = (
				43FE307429F008D20026A5ED /* AppCoordinator.swift */,
				4394654E29F33BFE00A3432D /* LoginCoordinator.swift */,
			);
			path = Coordinators;
			sourceTree = "<group>";
		};
		43A9EE9429EFFF9300C5733F = {
			isa = PBXGroup;
			children = (
				43A9EE9F29EFFF9300C5733F /* Anime Tracker */,
				43A9EEB629EFFF9500C5733F /* Anime TrackerTests */,
				43A9EEC029EFFF9500C5733F /* Anime TrackerUITests */,
				43A9EE9E29EFFF9300C5733F /* Products */,
				D138D7E815F0A3AF736DDFC2 /* Pods */,
				79B7594B4EE66E9AFE64DC3F /* Frameworks */,
			);
			sourceTree = "<group>";
		};
		43A9EE9E29EFFF9300C5733F /* Products */ = {
			isa = PBXGroup;
			children = (
				43A9EE9D29EFFF9300C5733F /* Anime Tracker.app */,
				43A9EEB329EFFF9500C5733F /* Anime TrackerTests.xctest */,
				43A9EEBD29EFFF9500C5733F /* Anime TrackerUITests.xctest */,
			);
			name = Products;
			sourceTree = "<group>";
		};
		43A9EE9F29EFFF9300C5733F /* Anime Tracker */ = {
			isa = PBXGroup;
			children = (
				4394654D29F33BEF00A3432D /* Coordinators */,
				43A9EEA029EFFF9300C5733F /* AppDelegate.swift */,
				43A9EEA229EFFF9300C5733F /* SceneDelegate.swift */,
				43A9EEA429EFFF9300C5733F /* ViewController.swift */,
				43A9EEA929EFFF9400C5733F /* Assets.xcassets */,
				43A9EEAB29EFFF9400C5733F /* LaunchScreen.storyboard */,
				43A9EEAE29EFFF9400C5733F /* Info.plist */,
			);
			path = "Anime Tracker";
			sourceTree = "<group>";
		};
		43A9EEB629EFFF9500C5733F /* Anime TrackerTests */ = {
			isa = PBXGroup;
			children = (
				43A9EEB729EFFF9500C5733F /* Anime_TrackerTests.swift */,
			);
			path = "Anime TrackerTests";
			sourceTree = "<group>";
		};
		43A9EEC029EFFF9500C5733F /* Anime TrackerUITests */ = {
			isa = PBXGroup;
			children = (
				43A9EEC129EFFF9500C5733F /* Anime_TrackerUITests.swift */,
				43A9EEC329EFFF9500C5733F /* Anime_TrackerUITestsLaunchTests.swift */,
			);
			path = "Anime TrackerUITests";
			sourceTree = "<group>";
		};
		79B7594B4EE66E9AFE64DC3F /* Frameworks */ = {
			isa = PBXGroup;
			children = (
				BBDE20038B10BF5D6A249AA3 /* Pods_Anime_Tracker.framework */,
				3A3B0DBC8C8475665714A4C5 /* Pods_Anime_Tracker_Anime_TrackerUITests.framework */,
				F68FF131B5D32E073FD81D3B /* Pods_Anime_TrackerTests.framework */,
			);
			name = Frameworks;
			sourceTree = "<group>";
		};
		D138D7E815F0A3AF736DDFC2 /* Pods */ = {
			isa = PBXGroup;
			children = (
				7C3B4F6E7314C38C9A522C07 /* Pods-Anime Tracker.debug.xcconfig */,
				C30A639005AB384434828E7D /* Pods-Anime Tracker.release.xcconfig */,
				47B9D039160F28F7C54B7327 /* Pods-Anime Tracker-Anime TrackerUITests.debug.xcconfig */,
				1A071DE83881D8112819BB03 /* Pods-Anime Tracker-Anime TrackerUITests.release.xcconfig */,
				FE3BBEA825D6C7FA190D7281 /* Pods-Anime TrackerTests.debug.xcconfig */,
				076381D522C97E5996B5A3D5 /* Pods-Anime TrackerTests.release.xcconfig */,
			);
			path = Pods;
			sourceTree = "<group>";
		};
/* End PBXGroup section */

/* Begin PBXNativeTarget section */
		43A9EE9C29EFFF9300C5733F /* Anime Tracker */ = {
			isa = PBXNativeTarget;
			buildConfigurationList = 43A9EEC729EFFF9500C5733F /* Build configuration list for PBXNativeTarget "Anime Tracker" */;
			buildPhases = (
				5065E205E98B2F9E7333A66A /* [CP] Check Pods Manifest.lock */,
				43A9EE9929EFFF9300C5733F /* Sources */,
				43A9EE9A29EFFF9300C5733F /* Frameworks */,
				43A9EE9B29EFFF9300C5733F /* Resources */,
				966DEAB27EF58BBFE8740302 /* [CP] Embed Pods Frameworks */,
			);
			buildRules = (
			);
			dependencies = (
			);
			name = "Anime Tracker";
			productName = "Anime Tracker";
			productReference = 43A9EE9D29EFFF9300C5733F /* Anime Tracker.app */;
			productType = "com.apple.product-type.application";
		};
		43A9EEB229EFFF9500C5733F /* Anime TrackerTests */ = {
			isa = PBXNativeTarget;
			buildConfigurationList = 43A9EECA29EFFF9500C5733F /* Build configuration list for PBXNativeTarget "Anime TrackerTests" */;
			buildPhases = (
				8F67519AA3FA8B0E264DE129 /* [CP] Check Pods Manifest.lock */,
				43A9EEAF29EFFF9500C5733F /* Sources */,
				43A9EEB029EFFF9500C5733F /* Frameworks */,
				43A9EEB129EFFF9500C5733F /* Resources */,
			);
			buildRules = (
			);
			dependencies = (
				43A9EEB529EFFF9500C5733F /* PBXTargetDependency */,
			);
			name = "Anime TrackerTests";
			productName = "Anime TrackerTests";
			productReference = 43A9EEB329EFFF9500C5733F /* Anime TrackerTests.xctest */;
			productType = "com.apple.product-type.bundle.unit-test";
		};
		43A9EEBC29EFFF9500C5733F /* Anime TrackerUITests */ = {
			isa = PBXNativeTarget;
			buildConfigurationList = 43A9EECD29EFFF9500C5733F /* Build configuration list for PBXNativeTarget "Anime TrackerUITests" */;
			buildPhases = (
				D074E2FEBD33892EB29F5B66 /* [CP] Check Pods Manifest.lock */,
				43A9EEB929EFFF9500C5733F /* Sources */,
				43A9EEBA29EFFF9500C5733F /* Frameworks */,
				43A9EEBB29EFFF9500C5733F /* Resources */,
				B6C3E90E7BA2438174148FA3 /* [CP] Embed Pods Frameworks */,
			);
			buildRules = (
			);
			dependencies = (
				43A9EEBF29EFFF9500C5733F /* PBXTargetDependency */,
			);
			name = "Anime TrackerUITests";
			productName = "Anime TrackerUITests";
			productReference = 43A9EEBD29EFFF9500C5733F /* Anime TrackerUITests.xctest */;
			productType = "com.apple.product-type.bundle.ui-testing";
		};
/* End PBXNativeTarget section */

/* Begin PBXProject section */
		43A9EE9529EFFF9300C5733F /* Project object */ = {
			isa = PBXProject;
			attributes = {
				BuildIndependentTargetsInParallel = 1;
				LastSwiftUpdateCheck = 1420;
				LastUpgradeCheck = 1420;
				TargetAttributes = {
					43A9EE9C29EFFF9300C5733F = {
						CreatedOnToolsVersion = 14.2;
					};
					43A9EEB229EFFF9500C5733F = {
						CreatedOnToolsVersion = 14.2;
						TestTargetID = 43A9EE9C29EFFF9300C5733F;
					};
					43A9EEBC29EFFF9500C5733F = {
						CreatedOnToolsVersion = 14.2;
						TestTargetID = 43A9EE9C29EFFF9300C5733F;
					};
				};
			};
			buildConfigurationList = 43A9EE9829EFFF9300C5733F /* Build configuration list for PBXProject "Anime Tracker" */;
			compatibilityVersion = "Xcode 13.0";
			developmentRegion = en;
			hasScannedForEncodings = 0;
			knownRegions = (
				en,
				Base,
			);
			mainGroup = 43A9EE9429EFFF9300C5733F;
			productRefGroup = 43A9EE9E29EFFF9300C5733F /* Products */;
			projectDirPath = "";
			projectRoot = "";
			targets = (
				43A9EE9C29EFFF9300C5733F /* Anime Tracker */,
				43A9EEB229EFFF9500C5733F /* Anime TrackerTests */,
				43A9EEBC29EFFF9500C5733F /* Anime TrackerUITests */,
			);
		};
/* End PBXProject section */

/* Begin PBXResourcesBuildPhase section */
		43A9EE9B29EFFF9300C5733F /* Resources */ = {
			isa = PBXResourcesBuildPhase;
			buildActionMask = 2147483647;
			files = (
				43A9EEAD29EFFF9400C5733F /* LaunchScreen.storyboard in Resources */,
				43A9EEAA29EFFF9400C5733F /* Assets.xcassets in Resources */,
			);
			runOnlyForDeploymentPostprocessing = 0;
		};
		43A9EEB129EFFF9500C5733F /* Resources */ = {
			isa = PBXResourcesBuildPhase;
			buildActionMask = 2147483647;
			files = (
			);
			runOnlyForDeploymentPostprocessing = 0;
		};
		43A9EEBB29EFFF9500C5733F /* Resources */ = {
			isa = PBXResourcesBuildPhase;
			buildActionMask = 2147483647;
			files = (
			);
			runOnlyForDeploymentPostprocessing = 0;
		};
/* End PBXResourcesBuildPhase section */

/* Begin PBXShellScriptBuildPhase section */
		5065E205E98B2F9E7333A66A /* [CP] Check Pods Manifest.lock */ = {
			isa = PBXShellScriptBuildPhase;
			buildActionMask = 2147483647;
			files = (
			);
			inputFileListPaths = (
			);
			inputPaths = (
				"${PODS_PODFILE_DIR_PATH}/Podfile.lock",
				"${PODS_ROOT}/Manifest.lock",
			);
			name = "[CP] Check Pods Manifest.lock";
			outputFileListPaths = (
			);
			outputPaths = (
				"$(DERIVED_FILE_DIR)/Pods-Anime Tracker-checkManifestLockResult.txt",
			);
			runOnlyForDeploymentPostprocessing = 0;
			shellPath = /bin/sh;
			shellScript = "diff \"${PODS_PODFILE_DIR_PATH}/Podfile.lock\" \"${PODS_ROOT}/Manifest.lock\" > /dev/null\nif [ $? != 0 ] ; then\n    # print error to STDERR\n    echo \"error: The sandbox is not in sync with the Podfile.lock. Run 'pod install' or update your CocoaPods installation.\" >&2\n    exit 1\nfi\n# This output is used by Xcode 'outputs' to avoid re-running this script phase.\necho \"SUCCESS\" > \"${SCRIPT_OUTPUT_FILE_0}\"\n";
			showEnvVarsInLog = 0;
		};
		8F67519AA3FA8B0E264DE129 /* [CP] Check Pods Manifest.lock */ = {
			isa = PBXShellScriptBuildPhase;
			buildActionMask = 2147483647;
			files = (
			);
			inputFileListPaths = (
			);
			inputPaths = (
				"${PODS_PODFILE_DIR_PATH}/Podfile.lock",
				"${PODS_ROOT}/Manifest.lock",
			);
			name = "[CP] Check Pods Manifest.lock";
			outputFileListPaths = (
			);
			outputPaths = (
				"$(DERIVED_FILE_DIR)/Pods-Anime TrackerTests-checkManifestLockResult.txt",
			);
			runOnlyForDeploymentPostprocessing = 0;
			shellPath = /bin/sh;
			shellScript = "diff \"${PODS_PODFILE_DIR_PATH}/Podfile.lock\" \"${PODS_ROOT}/Manifest.lock\" > /dev/null\nif [ $? != 0 ] ; then\n    # print error to STDERR\n    echo \"error: The sandbox is not in sync with the Podfile.lock. Run 'pod install' or update your CocoaPods installation.\" >&2\n    exit 1\nfi\n# This output is used by Xcode 'outputs' to avoid re-running this script phase.\necho \"SUCCESS\" > \"${SCRIPT_OUTPUT_FILE_0}\"\n";
			showEnvVarsInLog = 0;
		};
		966DEAB27EF58BBFE8740302 /* [CP] Embed Pods Frameworks */ = {
			isa = PBXShellScriptBuildPhase;
			buildActionMask = 2147483647;
			files = (
			);
			inputFileListPaths = (
				"${PODS_ROOT}/Target Support Files/Pods-Anime Tracker/Pods-Anime Tracker-frameworks-${CONFIGURATION}-input-files.xcfilelist",
			);
			name = "[CP] Embed Pods Frameworks";
			outputFileListPaths = (
				"${PODS_ROOT}/Target Support Files/Pods-Anime Tracker/Pods-Anime Tracker-frameworks-${CONFIGURATION}-output-files.xcfilelist",
			);
			runOnlyForDeploymentPostprocessing = 0;
			shellPath = /bin/sh;
			shellScript = "\"${PODS_ROOT}/Target Support Files/Pods-Anime Tracker/Pods-Anime Tracker-frameworks.sh\"\n";
			showEnvVarsInLog = 0;
		};
		B6C3E90E7BA2438174148FA3 /* [CP] Embed Pods Frameworks */ = {
			isa = PBXShellScriptBuildPhase;
			buildActionMask = 2147483647;
			files = (
			);
			inputFileListPaths = (
				"${PODS_ROOT}/Target Support Files/Pods-Anime Tracker-Anime TrackerUITests/Pods-Anime Tracker-Anime TrackerUITests-frameworks-${CONFIGURATION}-input-files.xcfilelist",
			);
			name = "[CP] Embed Pods Frameworks";
			outputFileListPaths = (
				"${PODS_ROOT}/Target Support Files/Pods-Anime Tracker-Anime TrackerUITests/Pods-Anime Tracker-Anime TrackerUITests-frameworks-${CONFIGURATION}-output-files.xcfilelist",
			);
			runOnlyForDeploymentPostprocessing = 0;
			shellPath = /bin/sh;
			shellScript = "\"${PODS_ROOT}/Target Support Files/Pods-Anime Tracker-Anime TrackerUITests/Pods-Anime Tracker-Anime TrackerUITests-frameworks.sh\"\n";
			showEnvVarsInLog = 0;
		};
		D074E2FEBD33892EB29F5B66 /* [CP] Check Pods Manifest.lock */ = {
			isa = PBXShellScriptBuildPhase;
			buildActionMask = 2147483647;
			files = (
			);
			inputFileListPaths = (
			);
			inputPaths = (
				"${PODS_PODFILE_DIR_PATH}/Podfile.lock",
				"${PODS_ROOT}/Manifest.lock",
			);
			name = "[CP] Check Pods Manifest.lock";
			outputFileListPaths = (
			);
			outputPaths = (
				"$(DERIVED_FILE_DIR)/Pods-Anime Tracker-Anime TrackerUITests-checkManifestLockResult.txt",
			);
			runOnlyForDeploymentPostprocessing = 0;
			shellPath = /bin/sh;
			shellScript = "diff \"${PODS_PODFILE_DIR_PATH}/Podfile.lock\" \"${PODS_ROOT}/Manifest.lock\" > /dev/null\nif [ $? != 0 ] ; then\n    # print error to STDERR\n    echo \"error: The sandbox is not in sync with the Podfile.lock. Run 'pod install' or update your CocoaPods installation.\" >&2\n    exit 1\nfi\n# This output is used by Xcode 'outputs' to avoid re-running this script phase.\necho \"SUCCESS\" > \"${SCRIPT_OUTPUT_FILE_0}\"\n";
			showEnvVarsInLog = 0;
		};
/* End PBXShellScriptBuildPhase section */

/* Begin PBXSourcesBuildPhase section */
		43A9EE9929EFFF9300C5733F /* Sources */ = {
			isa = PBXSourcesBuildPhase;
			buildActionMask = 2147483647;
			files = (
				43FE307529F008D20026A5ED /* AppCoordinator.swift in Sources */,
				43A9EEA529EFFF9300C5733F /* ViewController.swift in Sources */,
				4394654F29F33BFE00A3432D /* LoginCoordinator.swift in Sources */,
				43A9EEA129EFFF9300C5733F /* AppDelegate.swift in Sources */,
				43A9EEA329EFFF9300C5733F /* SceneDelegate.swift in Sources */,
			);
			runOnlyForDeploymentPostprocessing = 0;
		};
		43A9EEAF29EFFF9500C5733F /* Sources */ = {
			isa = PBXSourcesBuildPhase;
			buildActionMask = 2147483647;
			files = (
				43A9EEB829EFFF9500C5733F /* Anime_TrackerTests.swift in Sources */,
			);
			runOnlyForDeploymentPostprocessing = 0;
		};
		43A9EEB929EFFF9500C5733F /* Sources */ = {
			isa = PBXSourcesBuildPhase;
			buildActionMask = 2147483647;
			files = (
				43A9EEC429EFFF9500C5733F /* Anime_TrackerUITestsLaunchTests.swift in Sources */,
				43A9EEC229EFFF9500C5733F /* Anime_TrackerUITests.swift in Sources */,
			);
			runOnlyForDeploymentPostprocessing = 0;
		};
/* End PBXSourcesBuildPhase section */

/* Begin PBXTargetDependency section */
		43A9EEB529EFFF9500C5733F /* PBXTargetDependency */ = {
			isa = PBXTargetDependency;
			target = 43A9EE9C29EFFF9300C5733F /* Anime Tracker */;
			targetProxy = 43A9EEB429EFFF9500C5733F /* PBXContainerItemProxy */;
		};
		43A9EEBF29EFFF9500C5733F /* PBXTargetDependency */ = {
			isa = PBXTargetDependency;
			target = 43A9EE9C29EFFF9300C5733F /* Anime Tracker */;
			targetProxy = 43A9EEBE29EFFF9500C5733F /* PBXContainerItemProxy */;
		};
/* End PBXTargetDependency section */

/* Begin PBXVariantGroup section */
		43A9EEAB29EFFF9400C5733F /* LaunchScreen.storyboard */ = {
			isa = PBXVariantGroup;
			children = (
				43A9EEAC29EFFF9400C5733F /* Base */,
			);
			name = LaunchScreen.storyboard;
			sourceTree = "<group>";
		};
/* End PBXVariantGroup section */

/* Begin XCBuildConfiguration section */
		43A9EEC529EFFF9500C5733F /* Debug */ = {
			isa = XCBuildConfiguration;
			buildSettings = {
				ALWAYS_SEARCH_USER_PATHS = NO;
				CLANG_ANALYZER_NONNULL = YES;
				CLANG_ANALYZER_NUMBER_OBJECT_CONVERSION = YES_AGGRESSIVE;
				CLANG_CXX_LANGUAGE_STANDARD = "gnu++20";
				CLANG_ENABLE_MODULES = YES;
				CLANG_ENABLE_OBJC_ARC = YES;
				CLANG_ENABLE_OBJC_WEAK = YES;
				CLANG_WARN_BLOCK_CAPTURE_AUTORELEASING = YES;
				CLANG_WARN_BOOL_CONVERSION = YES;
				CLANG_WARN_COMMA = YES;
				CLANG_WARN_CONSTANT_CONVERSION = YES;
				CLANG_WARN_DEPRECATED_OBJC_IMPLEMENTATIONS = YES;
				CLANG_WARN_DIRECT_OBJC_ISA_USAGE = YES_ERROR;
				CLANG_WARN_DOCUMENTATION_COMMENTS = YES;
				CLANG_WARN_EMPTY_BODY = YES;
				CLANG_WARN_ENUM_CONVERSION = YES;
				CLANG_WARN_INFINITE_RECURSION = YES;
				CLANG_WARN_INT_CONVERSION = YES;
				CLANG_WARN_NON_LITERAL_NULL_CONVERSION = YES;
				CLANG_WARN_OBJC_IMPLICIT_RETAIN_SELF = YES;
				CLANG_WARN_OBJC_LITERAL_CONVERSION = YES;
				CLANG_WARN_OBJC_ROOT_CLASS = YES_ERROR;
				CLANG_WARN_QUOTED_INCLUDE_IN_FRAMEWORK_HEADER = YES;
				CLANG_WARN_RANGE_LOOP_ANALYSIS = YES;
				CLANG_WARN_STRICT_PROTOTYPES = YES;
				CLANG_WARN_SUSPICIOUS_MOVE = YES;
				CLANG_WARN_UNGUARDED_AVAILABILITY = YES_AGGRESSIVE;
				CLANG_WARN_UNREACHABLE_CODE = YES;
				CLANG_WARN__DUPLICATE_METHOD_MATCH = YES;
				COPY_PHASE_STRIP = NO;
				DEBUG_INFORMATION_FORMAT = dwarf;
				ENABLE_STRICT_OBJC_MSGSEND = YES;
				ENABLE_TESTABILITY = YES;
				GCC_C_LANGUAGE_STANDARD = gnu11;
				GCC_DYNAMIC_NO_PIC = NO;
				GCC_NO_COMMON_BLOCKS = YES;
				GCC_OPTIMIZATION_LEVEL = 0;
				GCC_PREPROCESSOR_DEFINITIONS = (
					"DEBUG=1",
					"$(inherited)",
				);
				GCC_WARN_64_TO_32_BIT_CONVERSION = YES;
				GCC_WARN_ABOUT_RETURN_TYPE = YES_ERROR;
				GCC_WARN_UNDECLARED_SELECTOR = YES;
				GCC_WARN_UNINITIALIZED_AUTOS = YES_AGGRESSIVE;
				GCC_WARN_UNUSED_FUNCTION = YES;
				GCC_WARN_UNUSED_VARIABLE = YES;
				IPHONEOS_DEPLOYMENT_TARGET = 16.2;
				MTL_ENABLE_DEBUG_INFO = INCLUDE_SOURCE;
				MTL_FAST_MATH = YES;
				ONLY_ACTIVE_ARCH = YES;
				SDKROOT = iphoneos;
				SWIFT_ACTIVE_COMPILATION_CONDITIONS = DEBUG;
				SWIFT_OPTIMIZATION_LEVEL = "-Onone";
			};
			name = Debug;
		};
		43A9EEC629EFFF9500C5733F /* Release */ = {
			isa = XCBuildConfiguration;
			buildSettings = {
				ALWAYS_SEARCH_USER_PATHS = NO;
				CLANG_ANALYZER_NONNULL = YES;
				CLANG_ANALYZER_NUMBER_OBJECT_CONVERSION = YES_AGGRESSIVE;
				CLANG_CXX_LANGUAGE_STANDARD = "gnu++20";
				CLANG_ENABLE_MODULES = YES;
				CLANG_ENABLE_OBJC_ARC = YES;
				CLANG_ENABLE_OBJC_WEAK = YES;
				CLANG_WARN_BLOCK_CAPTURE_AUTORELEASING = YES;
				CLANG_WARN_BOOL_CONVERSION = YES;
				CLANG_WARN_COMMA = YES;
				CLANG_WARN_CONSTANT_CONVERSION = YES;
				CLANG_WARN_DEPRECATED_OBJC_IMPLEMENTATIONS = YES;
				CLANG_WARN_DIRECT_OBJC_ISA_USAGE = YES_ERROR;
				CLANG_WARN_DOCUMENTATION_COMMENTS = YES;
				CLANG_WARN_EMPTY_BODY = YES;
				CLANG_WARN_ENUM_CONVERSION = YES;
				CLANG_WARN_INFINITE_RECURSION = YES;
				CLANG_WARN_INT_CONVERSION = YES;
				CLANG_WARN_NON_LITERAL_NULL_CONVERSION = YES;
				CLANG_WARN_OBJC_IMPLICIT_RETAIN_SELF = YES;
				CLANG_WARN_OBJC_LITERAL_CONVERSION = YES;
				CLANG_WARN_OBJC_ROOT_CLASS = YES_ERROR;
				CLANG_WARN_QUOTED_INCLUDE_IN_FRAMEWORK_HEADER = YES;
				CLANG_WARN_RANGE_LOOP_ANALYSIS = YES;
				CLANG_WARN_STRICT_PROTOTYPES = YES;
				CLANG_WARN_SUSPICIOUS_MOVE = YES;
				CLANG_WARN_UNGUARDED_AVAILABILITY = YES_AGGRESSIVE;
				CLANG_WARN_UNREACHABLE_CODE = YES;
				CLANG_WARN__DUPLICATE_METHOD_MATCH = YES;
				COPY_PHASE_STRIP = NO;
				DEBUG_INFORMATION_FORMAT = "dwarf-with-dsym";
				ENABLE_NS_ASSERTIONS = NO;
				ENABLE_STRICT_OBJC_MSGSEND = YES;
				GCC_C_LANGUAGE_STANDARD = gnu11;
				GCC_NO_COMMON_BLOCKS = YES;
				GCC_WARN_64_TO_32_BIT_CONVERSION = YES;
				GCC_WARN_ABOUT_RETURN_TYPE = YES_ERROR;
				GCC_WARN_UNDECLARED_SELECTOR = YES;
				GCC_WARN_UNINITIALIZED_AUTOS = YES_AGGRESSIVE;
				GCC_WARN_UNUSED_FUNCTION = YES;
				GCC_WARN_UNUSED_VARIABLE = YES;
				IPHONEOS_DEPLOYMENT_TARGET = 16.2;
				MTL_ENABLE_DEBUG_INFO = NO;
				MTL_FAST_MATH = YES;
				SDKROOT = iphoneos;
				SWIFT_COMPILATION_MODE = wholemodule;
				SWIFT_OPTIMIZATION_LEVEL = "-O";
				VALIDATE_PRODUCT = YES;
			};
			name = Release;
		};
		43A9EEC829EFFF9500C5733F /* Debug */ = {
			isa = XCBuildConfiguration;
			baseConfigurationReference = 7C3B4F6E7314C38C9A522C07 /* Pods-Anime Tracker.debug.xcconfig */;
			buildSettings = {
				ASSETCATALOG_COMPILER_APPICON_NAME = AppIcon;
				ASSETCATALOG_COMPILER_GLOBAL_ACCENT_COLOR_NAME = AccentColor;
				CODE_SIGN_STYLE = Automatic;
				CURRENT_PROJECT_VERSION = 1;
				DEVELOPMENT_TEAM = 2ZL598ZSDC;
				GENERATE_INFOPLIST_FILE = YES;
				INFOPLIST_FILE = "Anime Tracker/Info.plist";
				INFOPLIST_KEY_UIApplicationSupportsIndirectInputEvents = YES;
				INFOPLIST_KEY_UILaunchStoryboardName = LaunchScreen;
				INFOPLIST_KEY_UIMainStoryboardFile = "";
				INFOPLIST_KEY_UISupportedInterfaceOrientations_iPad = "UIInterfaceOrientationPortrait UIInterfaceOrientationPortraitUpsideDown UIInterfaceOrientationLandscapeLeft UIInterfaceOrientationLandscapeRight";
				INFOPLIST_KEY_UISupportedInterfaceOrientations_iPhone = "UIInterfaceOrientationPortrait UIInterfaceOrientationLandscapeLeft UIInterfaceOrientationLandscapeRight";
				IPHONEOS_DEPLOYMENT_TARGET = 15.0;
				LD_RUNPATH_SEARCH_PATHS = (
					"$(inherited)",
					"@executable_path/Frameworks",
				);
				MARKETING_VERSION = 1.0;
				PRODUCT_BUNDLE_IDENTIFIER = "com.pat.Anime-Tracker";
				PRODUCT_NAME = "$(TARGET_NAME)";
				SWIFT_EMIT_LOC_STRINGS = YES;
				SWIFT_VERSION = 5.0;
				TARGETED_DEVICE_FAMILY = "1,2";
			};
			name = Debug;
		};
		43A9EEC929EFFF9500C5733F /* Release */ = {
			isa = XCBuildConfiguration;
			baseConfigurationReference = C30A639005AB384434828E7D /* Pods-Anime Tracker.release.xcconfig */;
			buildSettings = {
				ASSETCATALOG_COMPILER_APPICON_NAME = AppIcon;
				ASSETCATALOG_COMPILER_GLOBAL_ACCENT_COLOR_NAME = AccentColor;
				CODE_SIGN_STYLE = Automatic;
				CURRENT_PROJECT_VERSION = 1;
				DEVELOPMENT_TEAM = 2ZL598ZSDC;
				GENERATE_INFOPLIST_FILE = YES;
				INFOPLIST_FILE = "Anime Tracker/Info.plist";
				INFOPLIST_KEY_UIApplicationSupportsIndirectInputEvents = YES;
				INFOPLIST_KEY_UILaunchStoryboardName = LaunchScreen;
				INFOPLIST_KEY_UIMainStoryboardFile = "";
				INFOPLIST_KEY_UISupportedInterfaceOrientations_iPad = "UIInterfaceOrientationPortrait UIInterfaceOrientationPortraitUpsideDown UIInterfaceOrientationLandscapeLeft UIInterfaceOrientationLandscapeRight";
				INFOPLIST_KEY_UISupportedInterfaceOrientations_iPhone = "UIInterfaceOrientationPortrait UIInterfaceOrientationLandscapeLeft UIInterfaceOrientationLandscapeRight";
				IPHONEOS_DEPLOYMENT_TARGET = 15.0;
				LD_RUNPATH_SEARCH_PATHS = (
					"$(inherited)",
					"@executable_path/Frameworks",
				);
				MARKETING_VERSION = 1.0;
				PRODUCT_BUNDLE_IDENTIFIER = "com.pat.Anime-Tracker";
				PRODUCT_NAME = "$(TARGET_NAME)";
				SWIFT_EMIT_LOC_STRINGS = YES;
				SWIFT_VERSION = 5.0;
				TARGETED_DEVICE_FAMILY = "1,2";
			};
			name = Release;
		};
		43A9EECB29EFFF9500C5733F /* Debug */ = {
			isa = XCBuildConfiguration;
			baseConfigurationReference = FE3BBEA825D6C7FA190D7281 /* Pods-Anime TrackerTests.debug.xcconfig */;
			buildSettings = {
				ALWAYS_EMBED_SWIFT_STANDARD_LIBRARIES = "$(inherited)";
				BUNDLE_LOADER = "$(TEST_HOST)";
				CODE_SIGN_STYLE = Automatic;
				CURRENT_PROJECT_VERSION = 1;
				DEVELOPMENT_TEAM = 2ZL598ZSDC;
				GENERATE_INFOPLIST_FILE = YES;
				IPHONEOS_DEPLOYMENT_TARGET = 16.2;
				MARKETING_VERSION = 1.0;
				PRODUCT_BUNDLE_IDENTIFIER = "com.pat.Anime-TrackerTests";
				PRODUCT_NAME = "$(TARGET_NAME)";
				SWIFT_EMIT_LOC_STRINGS = NO;
				SWIFT_VERSION = 5.0;
				TARGETED_DEVICE_FAMILY = "1,2";
				TEST_HOST = "$(BUILT_PRODUCTS_DIR)/Anime Tracker.app/$(BUNDLE_EXECUTABLE_FOLDER_PATH)/Anime Tracker";
			};
			name = Debug;
		};
		43A9EECC29EFFF9500C5733F /* Release */ = {
			isa = XCBuildConfiguration;
			baseConfigurationReference = 076381D522C97E5996B5A3D5 /* Pods-Anime TrackerTests.release.xcconfig */;
			buildSettings = {
				ALWAYS_EMBED_SWIFT_STANDARD_LIBRARIES = "$(inherited)";
				BUNDLE_LOADER = "$(TEST_HOST)";
				CODE_SIGN_STYLE = Automatic;
				CURRENT_PROJECT_VERSION = 1;
				DEVELOPMENT_TEAM = 2ZL598ZSDC;
				GENERATE_INFOPLIST_FILE = YES;
				IPHONEOS_DEPLOYMENT_TARGET = 16.2;
				MARKETING_VERSION = 1.0;
				PRODUCT_BUNDLE_IDENTIFIER = "com.pat.Anime-TrackerTests";
				PRODUCT_NAME = "$(TARGET_NAME)";
				SWIFT_EMIT_LOC_STRINGS = NO;
				SWIFT_VERSION = 5.0;
				TARGETED_DEVICE_FAMILY = "1,2";
				TEST_HOST = "$(BUILT_PRODUCTS_DIR)/Anime Tracker.app/$(BUNDLE_EXECUTABLE_FOLDER_PATH)/Anime Tracker";
			};
			name = Release;
		};
		43A9EECE29EFFF9500C5733F /* Debug */ = {
			isa = XCBuildConfiguration;
			baseConfigurationReference = 47B9D039160F28F7C54B7327 /* Pods-Anime Tracker-Anime TrackerUITests.debug.xcconfig */;
			buildSettings = {
				ALWAYS_EMBED_SWIFT_STANDARD_LIBRARIES = "$(inherited)";
				CODE_SIGN_STYLE = Automatic;
				CURRENT_PROJECT_VERSION = 1;
				DEVELOPMENT_TEAM = 2ZL598ZSDC;
				GENERATE_INFOPLIST_FILE = YES;
				MARKETING_VERSION = 1.0;
				PRODUCT_BUNDLE_IDENTIFIER = "com.pat.Anime-TrackerUITests";
				PRODUCT_NAME = "$(TARGET_NAME)";
				SWIFT_EMIT_LOC_STRINGS = NO;
				SWIFT_VERSION = 5.0;
				TARGETED_DEVICE_FAMILY = "1,2";
				TEST_TARGET_NAME = "Anime Tracker";
			};
			name = Debug;
		};
		43A9EECF29EFFF9500C5733F /* Release */ = {
			isa = XCBuildConfiguration;
			baseConfigurationReference = 1A071DE83881D8112819BB03 /* Pods-Anime Tracker-Anime TrackerUITests.release.xcconfig */;
			buildSettings = {
				ALWAYS_EMBED_SWIFT_STANDARD_LIBRARIES = "$(inherited)";
				CODE_SIGN_STYLE = Automatic;
				CURRENT_PROJECT_VERSION = 1;
				DEVELOPMENT_TEAM = 2ZL598ZSDC;
				GENERATE_INFOPLIST_FILE = YES;
				MARKETING_VERSION = 1.0;
				PRODUCT_BUNDLE_IDENTIFIER = "com.pat.Anime-TrackerUITests";
				PRODUCT_NAME = "$(TARGET_NAME)";
				SWIFT_EMIT_LOC_STRINGS = NO;
				SWIFT_VERSION = 5.0;
				TARGETED_DEVICE_FAMILY = "1,2";
				TEST_TARGET_NAME = "Anime Tracker";
			};
			name = Release;
		};
/* End XCBuildConfiguration section */

/* Begin XCConfigurationList section */
		43A9EE9829EFFF9300C5733F /* Build configuration list for PBXProject "Anime Tracker" */ = {
			isa = XCConfigurationList;
			buildConfigurations = (
				43A9EEC529EFFF9500C5733F /* Debug */,
				43A9EEC629EFFF9500C5733F /* Release */,
			);
			defaultConfigurationIsVisible = 0;
			defaultConfigurationName = Release;
		};
		43A9EEC729EFFF9500C5733F /* Build configuration list for PBXNativeTarget "Anime Tracker" */ = {
			isa = XCConfigurationList;
			buildConfigurations = (
				43A9EEC829EFFF9500C5733F /* Debug */,
				43A9EEC929EFFF9500C5733F /* Release */,
			);
			defaultConfigurationIsVisible = 0;
			defaultConfigurationName = Release;
		};
		43A9EECA29EFFF9500C5733F /* Build configuration list for PBXNativeTarget "Anime TrackerTests" */ = {
			isa = XCConfigurationList;
			buildConfigurations = (
				43A9EECB29EFFF9500C5733F /* Debug */,
				43A9EECC29EFFF9500C5733F /* Release */,
			);
			defaultConfigurationIsVisible = 0;
			defaultConfigurationName = Release;
		};
		43A9EECD29EFFF9500C5733F /* Build configuration list for PBXNativeTarget "Anime TrackerUITests" */ = {
			isa = XCConfigurationList;
			buildConfigurations = (
				43A9EECE29EFFF9500C5733F /* Debug */,
				43A9EECF29EFFF9500C5733F /* Release */,
			);
			defaultConfigurationIsVisible = 0;
			defaultConfigurationName = Release;
		};
/* End XCConfigurationList section */
	};
	rootObject = 43A9EE9529EFFF9300C5733F /* Project object */;
}
